
Microsoft Visual Studio Solution File, Format Version 12.00
# Visual Studio Version 17
VisualStudioVersion = 17.11.35327.3
MinimumVisualStudioVersion = 10.0.40219.1
Project("{9A19103F-16F7-4668-BE54-9A1E7A4F7556}") = "WebShop", "WebShop\WebShop.csproj", "{F3161EF6-0B4A-4B49-992C-4CD7854BCAFF}"
EndProject
Project("{9A19103F-16F7-4668-BE54-9A1E7A4F7556}") = "DataAccess", "DataAccess\DataAccess.csproj", "{1CCB0FC0-9E12-4070-A1B7-121FB6CD8995}"
EndProject
Project("{9A19103F-16F7-4668-BE54-9A1E7A4F7556}") = "Models", "Models\Models.csproj", "{FA22AFA3-96CB-4B09-83B5-2B1391723B5C}"
EndProject
Project("{9A19103F-16F7-4668-BE54-9A1E7A4F7556}") = "Servicesa", "ControllersServices\Servicesa.csproj", "{75343721-956F-4922-B4FC-D64302485AEB}"
EndProject
Project("{9A19103F-16F7-4668-BE54-9A1E7A4F7556}") = "Utility", "Utility\Utility.csproj", "{E3B14971-524A-43B1-8320-2AB5194929EB}"
EndProject
Project("{FAE04EC0-301F-11D3-BF4B-00C04F79EFBC}") = "Tests", "Tests\Tests.csproj", "{9063ACB1-47D3-4936-AF68-EFA7D4164DC3}"
EndProject
Project("{FAE04EC0-301F-11D3-BF4B-00C04F79EFBC}") = "BackgroundServices", "BackgroundServices\BackgroundServices.csproj", "{FD382643-22F9-48DB-B189-CC5F299DB431}"
EndProject
Global
	GlobalSection(SolutionConfigurationPlatforms) = preSolution
		Debug|Any CPU = Debug|Any CPU
		Release|Any CPU = Release|Any CPU
	EndGlobalSection
	GlobalSection(ProjectConfigurationPlatforms) = postSolution
		{F3161EF6-0B4A-4B49-992C-4CD7854BCAFF}.Debug|Any CPU.ActiveCfg = Debug|Any CPU
		{F3161EF6-0B4A-4B49-992C-4CD7854BCAFF}.Debug|Any CPU.Build.0 = Debug|Any CPU
		{F3161EF6-0B4A-4B49-992C-4CD7854BCAFF}.Release|Any CPU.ActiveCfg = Release|Any CPU
		{F3161EF6-0B4A-4B49-992C-4CD7854BCAFF}.Release|Any CPU.Build.0 = Release|Any CPU
		{1CCB0FC0-9E12-4070-A1B7-121FB6CD8995}.Debug|Any CPU.ActiveCfg = Debug|Any CPU
		{1CCB0FC0-9E12-4070-A1B7-121FB6CD8995}.Debug|Any CPU.Build.0 = Debug|Any CPU
		{1CCB0FC0-9E12-4070-A1B7-121FB6CD8995}.Release|Any CPU.ActiveCfg = Release|Any CPU
		{1CCB0FC0-9E12-4070-A1B7-121FB6CD8995}.Release|Any CPU.Build.0 = Release|Any CPU
		{FA22AFA3-96CB-4B09-83B5-2B1391723B5C}.Debug|Any CPU.ActiveCfg = Debug|Any CPU
		{FA22AFA3-96CB-4B09-83B5-2B1391723B5C}.Debug|Any CPU.Build.0 = Debug|Any CPU
		{FA22AFA3-96CB-4B09-83B5-2B1391723B5C}.Release|Any CPU.ActiveCfg = Release|Any CPU
		{FA22AFA3-96CB-4B09-83B5-2B1391723B5C}.Release|Any CPU.Build.0 = Release|Any CPU
		{75343721-956F-4922-B4FC-D64302485AEB}.Debug|Any CPU.ActiveCfg = Debug|Any CPU
		{75343721-956F-4922-B4FC-D64302485AEB}.Debug|Any CPU.Build.0 = Debug|Any CPU
		{75343721-956F-4922-B4FC-D64302485AEB}.Release|Any CPU.ActiveCfg = Release|Any CPU
		{75343721-956F-4922-B4FC-D64302485AEB}.Release|Any CPU.Build.0 = Release|Any CPU
		{E3B14971-524A-43B1-8320-2AB5194929EB}.Debug|Any CPU.ActiveCfg = Debug|Any CPU
		{E3B14971-524A-43B1-8320-2AB5194929EB}.Debug|Any CPU.Build.0 = Debug|Any CPU
		{E3B14971-524A-43B1-8320-2AB5194929EB}.Release|Any CPU.ActiveCfg = Release|Any CPU
		{E3B14971-524A-43B1-8320-2AB5194929EB}.Release|Any CPU.Build.0 = Release|Any CPU
		{9063ACB1-47D3-4936-AF68-EFA7D4164DC3}.Debug|Any CPU.ActiveCfg = Debug|Any CPU
		{9063ACB1-47D3-4936-AF68-EFA7D4164DC3}.Debug|Any CPU.Build.0 = Debug|Any CPU
		{9063ACB1-47D3-4936-AF68-EFA7D4164DC3}.Release|Any CPU.ActiveCfg = Release|Any CPU
		{9063ACB1-47D3-4936-AF68-EFA7D4164DC3}.Release|Any CPU.Build.0 = Release|Any CPU
		{FD382643-22F9-48DB-B189-CC5F299DB431}.Debug|Any CPU.ActiveCfg = Debug|Any CPU
		{FD382643-22F9-48DB-B189-CC5F299DB431}.Debug|Any CPU.Build.0 = Debug|Any CPU
		{FD382643-22F9-48DB-B189-CC5F299DB431}.Release|Any CPU.ActiveCfg = Release|Any CPU
		{FD382643-22F9-48DB-B189-CC5F299DB431}.Release|Any CPU.Build.0 = Release|Any CPU
	EndGlobalSection
	GlobalSection(SolutionProperties) = preSolution
		HideSolutionNode = FALSE
	EndGlobalSection
	GlobalSection(ExtensibilityGlobals) = postSolution
		SolutionGuid = {85286C3F-4BA2-4D6A-9FCC-4187455C4265}
	EndGlobalSection
EndGlobal
